
Microsoft Visual Studio Solution File, Format Version 12.00
# Visual Studio Version 17
VisualStudioVersion = 17.7.34031.279
MinimumVisualStudioVersion = 10.0.40219.1
Project("{FAE04EC0-301F-11D3-BF4B-00C04F79EFBC}") = "WebServer", "WebServer.csproj", "{0ADA07E4-F889-47AC-B05F-E655FBFB771E}"
EndProject
Global
	GlobalSection(SolutionConfigurationPlatforms) = preSolution
		Debug|Any CPU = Debug|Any CPU
		Release|Any CPU = Release|Any CPU
	EndGlobalSection
	GlobalSection(ProjectConfigurationPlatforms) = postSolution
		{0ADA07E4-F889-47AC-B05F-E655FBFB771E}.Debug|Any CPU.ActiveCfg = Debug|Any CPU
		{0ADA07E4-F889-47AC-B05F-E655FBFB771E}.Debug|Any CPU.Build.0 = Debug|Any CPU
		{0ADA07E4-F889-47AC-B05F-E655FBFB771E}.Release|Any CPU.ActiveCfg = Release|Any CPU
		{0ADA07E4-F889-47AC-B05F-E655FBFB771E}.Release|Any CPU.Build.0 = Release|Any CPU
	EndGlobalSection
	GlobalSection(SolutionProperties) = preSolution
		HideSolutionNode = FALSE
	EndGlobalSection
	GlobalSection(ExtensibilityGlobals) = postSolution
		SolutionGuid = {E117B2E0-2438-49FF-9F16-59E2B110C698}
	EndGlobalSection
EndGlobal
